github.com/davecgh/go-spew v1.1.0/go.mod h1:J7Y8YcW2NihsgmVo/mv3lAwl/skON4iLHjSsI+c5H38=
github.com/dgrijalva/jwt-go v3.2.0+incompatible/go.mod h1:E3ru+11k8xSBh+hMPgOLZmtrrCbhqsmaPHjLKYnJCaQ=
github.com/garyburd/redigo v1.6.0/go.mod h1:NR3MbYisc3/PwhQ00EMzDiPmrwpPxAn5GI05/YaO1SY=
github.com/go-sql-driver/mysql v1.4.0/go.mod h1:zAC/RDZ24gD3HViQzih4MyKcchzm+sOG5ZlKdlhCg5w=
github.com/golang/protobuf v1.2.0/go.mod h1:6lQm79b+lXiMfvg/cZm0SGofjICqVBUtrP5yJMmIC1U=
github.com/jmoiron/sqlx v1.2.0/go.mod h1:1FEQNm3xlJgrMD+FBdI9+xvCksHtbpVBBw5dYhBSsks=
github.com/labstack/echo v3.3.10+incompatible/go.mod h1:0INS7j/VjnFxD4E2wkz67b8cVwCLbBmJyDaka6Cmk1s=
github.com/labstack/gommon v0.2.8/go.mod h1:/tj9csK2iPSBvn+3NLM9e52usepMtrd5ilFYA+wQNJ4=
github.com/lestrrat/go-jwx v0.0.0-20180221005942-b7d4802280ae/go.mod h1:T+yHdCP6MJKtzoVQMHvVCeam5VFwX1+rWzn5zZgKYMI=
github.com/lestrrat/go-pdebug v0.0.0-20180220043741-569c97477ae8/go.mod h1:VXFH11P7fHn2iPBsfSW1JacR59rttTcafJnwYcI/IdY=
github.com/lib/pq v1.0.0/go.mod h1:5WUZQaWbwv1U+lTReE5YruASi9Al49XbQIvNi/34Woo=
github.com/mattn/go-colorable v0.1.1/go.mod h1:FuOcm+DKB9mbwrcAfNl7/TZVBZ6rcnceauSikq3lYCQ=
github.com/mattn/go-isatty v0.0.5/go.mod h1:Iq45c/XA43vh69/j3iqttzPXn0bhXyGjM0Hdxcsrc5s=
github.com/mattn/go-isatty v0.0.7 h1:UvyT9uN+3r7yLEYSlJsbQGdsaB/a0DlgWP3pql6iwOc=
github.com/mattn/go-isatty v0.0.7/go.mod h1:Iq45c/XA43vh69/j3iqttzPXn0bhXyGjM0Hdxcsrc5s=
github.com/mattn/go-sqlite3 v1.9.0/go.mod h1:FPy6KqzDD04eiIsT53CuJW3U88zkxoIYsOqkbpncsNc=
github.com/pkg/errors v0.8.1/go.mod h1:bwawxfHBFNV+L2hUp1rHADufV3IMtnDRdf1r5NINEl0=
github.com/pmezard/go-difflib v1.0.0/go.mod h1:iKH77koFhYxTK1pcRnkKkqfTogsbg7gZNVY4sRDYZ/4=
github.com/stretchr/objx v0.1.0/go.mod h1:HFkY916IF+rwdDfMAkV7OtwuqBVzrE8GR6GFx+wExME=
github.com/stretchr/testify v1.3.0/go.mod h1:M5WIy9Dh21IEIfnGCwXGc5bZfKNJtfHm1UVUgZn+9EI=
github.com/tanopwan/oauth-farm v0.0.0-20190314041613-502db5ff8699 h1:vbhe4Klwg9vNMtO1YqRkcvFpvajBLO2JQ3qxbhXyTa0=
github.com/tanopwan/oauth-farm v0.0.0-20190314043704-50c08c672e96 h1:bQBoMu3P8cxu8W0cAaMbROJuP6sUTmMMP0Q+XwLOwDE=
github.com/tanopwan/oauth-farm/common v0.0.0-20190313095801-3da80f01f992 h1:9tyk1NGR4p7d065vZPk/aJ5rD/EFUASYIo3B4mal/SE=
github.com/tanopwan/oauth-farm/common v0.0.0-20190313095801-3da80f01f992/go.mod h1:+/f/IJvrz8+vTtZUZa8Ya0hb+or0BksCDmd8NoBcEgw=
github.com/tanopwan/oauth-farm/common v0.0.0-20190314041613-502db5ff8699 h1:yHTIH/ZTGxFcJF+lcQjgxnUla1d0b6ZeBOQ6mQrXgWQ=
github.com/tanopwan/oauth-farm/common v0.0.0-20190314043704-50c08c672e96 h1:MduF3HBxHY64j+8ow5elv8LGK6j3hmzOBqacsJMES/U=
github.com/tanopwan/oauth-farm/common v0.0.0-20190319071108-9348b3939b20 h1:2G2h5Hes2/4fMOr4MSjT8ep6ouvuiF5sc+mr76Egfp8=
github.com/tanopwan/oauth-farm/common v0.0.0-20190319071108-9348b3939b20/go.mod h1:92B35kWlQaDJCA15b4wSkDhZLc1Q0zoRcQ+wmCoj8lc=
github.com/valyala/bytebufferpool v1.0.0/go.mod h1:6bBcMArwyJ5K/AmCkWv1jt77kVWyCJ6HpOuEn7z0Csc=
github.com/valyala/fasttemplate v1.0.0 h1:MCROMI9ZxNYyLvdmeQErZcgsUjsxARzi1SnHWYo3TnM=
github.com/valyala/fasttemplate v1.0.0/go.mod h1:KHLXt3tVN2HBp8eijSv/kGJopbvo7S+qRAEEKiv+SiQ=
golang.org/x/crypto v0.0.0-20190313024323-a1f597ede03a h1:YX8ljsm6wXlHZO+aRz9Exqr0evNhKRNe5K/gi+zKh4U=
golang.org/x/crypto v0.0.0-20190313024323-a1f597ede03a/go.mod h1:djNgcEr1/C05ACkg1iLfiJU5Ep61QUkGW8qpdssI0+w=
golang.org/x/net v0.0.0-20180724234803-3673e40ba225/go.mod h1:mL1N/T3taQHkDXs73rZJwtUhF3w3ftmwwsq0BUmARs4=
golang.org/x/sys v0.0.0-20190215142949-d0b11bdaac8a/go.mod h1:STP8DvDyc/dI5b8T5hshtkjS+E42TnysNCUPdjciGhY=
golang.org/x/sys v0.0.0-20190222072716-a9d3bda3a223/go.mod h1:STP8DvDyc/dI5b8T5hshtkjS+E42TnysNCUPdjciGhY=
golang.org/x/text v0.3.0/go.mod h1:NqM8EUOU14njkJ3fqMW+pc6Ldnwhi/IjpwHt7yyuwOQ=
google.golang.org/appengine v1.4.0/go.mod h1:xpcJRLb0r/rnEns0DIKYYv+WjYCduHsrkT7/EB5XEv4=
